version = 1
revision = 3
requires-python = "==3.12.*"

[[package]]
name = "asgiref"
version = "3.9.1"
source = { registry = "https://pypi.org/simple" }
sdist = { url = "https://files.pythonhosted.org/packages/90/61/0aa957eec22ff70b830b22ff91f825e70e1ef732c06666a805730f28b36b/asgiref-3.9.1.tar.gz", hash = "sha256:a5ab6582236218e5ef1648f242fd9f10626cfd4de8dc377db215d5d5098e3142", size = 36870, upload-time = "2025-07-08T09:07:43.344Z" }
wheels = [
    { url = "https://files.pythonhosted.org/packages/7c/3c/0464dcada90d5da0e71018c04a140ad6349558afb30b3051b4264cc5b965/asgiref-3.9.1-py3-none-any.whl", hash = "sha256:f3bba7092a48005b5f5bacd747d36ee4a5a61f4a269a6df590b43144355ebd2c", size = 23790, upload-time = "2025-07-08T09:07:41.548Z" },
]

[[package]]
name = "certifi"
version = "2025.8.3"
source = { registry = "https://pypi.org/simple" }
sdist = { url = "https://files.pythonhosted.org/packages/dc/67/960ebe6bf230a96cda2e0abcf73af550ec4f090005363542f0765df162e0/certifi-2025.8.3.tar.gz", hash = "sha256:e564105f78ded564e3ae7c923924435e1daa7463faeab5bb932bc53ffae63407", size = 162386, upload-time = "2025-08-03T03:07:47.08Z" }
wheels = [
    { url = "https://files.pythonhosted.org/packages/e5/48/1549795ba7742c948d2ad169c1c8cdbae65bc450d6cd753d124b17c8cd32/certifi-2025.8.3-py3-none-any.whl", hash = "sha256:f6c12493cfb1b06ba2ff328595af9350c65d6644968e5d3a2ffd78699af217a5", size = 161216, upload-time = "2025-08-03T03:07:45.777Z" },
]

[[package]]
name = "charset-normalizer"
version = "3.4.3"
source = { registry = "https://pypi.org/simple" }
sdist = { url = "https://files.pythonhosted.org/packages/83/2d/5fd176ceb9b2fc619e63405525573493ca23441330fcdaee6bef9460e924/charset_normalizer-3.4.3.tar.gz", hash = "sha256:6fce4b8500244f6fcb71465d4a4930d132ba9ab8e71a7859e6a5d59851068d14", size = 122371, upload-time = "2025-08-09T07:57:28.46Z" }
wheels = [
    { url = "https://files.pythonhosted.org/packages/e9/5e/14c94999e418d9b87682734589404a25854d5f5d0408df68bc15b6ff54bb/charset_normalizer-3.4.3-cp312-cp312-macosx_10_13_universal2.whl", hash = "sha256:e28e334d3ff134e88989d90ba04b47d84382a828c061d0d1027b1b12a62b39b1", size = 205655, upload-time = "2025-08-09T07:56:08.475Z" },
    { url = "https://files.pythonhosted.org/packages/7d/a8/c6ec5d389672521f644505a257f50544c074cf5fc292d5390331cd6fc9c3/charset_normalizer-3.4.3-cp312-cp312-manylinux2014_aarch64.manylinux_2_17_aarch64.manylinux_2_28_aarch64.whl", hash = "sha256:0cacf8f7297b0c4fcb74227692ca46b4a5852f8f4f24b3c766dd94a1075c4884", size = 146223, upload-time = "2025-08-09T07:56:09.708Z" },
    { url = "https://files.pythonhosted.org/packages/fc/eb/a2ffb08547f4e1e5415fb69eb7db25932c52a52bed371429648db4d84fb1/charset_normalizer-3.4.3-cp312-cp312-manylinux2014_ppc64le.manylinux_2_17_ppc64le.manylinux_2_28_ppc64le.whl", hash = "sha256:c6fd51128a41297f5409deab284fecbe5305ebd7e5a1f959bee1c054622b7018", size = 159366, upload-time = "2025-08-09T07:56:11.326Z" },
    { url = "https://files.pythonhosted.org/packages/82/10/0fd19f20c624b278dddaf83b8464dcddc2456cb4b02bb902a6da126b87a1/charset_normalizer-3.4.3-cp312-cp312-manylinux2014_s390x.manylinux_2_17_s390x.manylinux_2_28_s390x.whl", hash = "sha256:3cfb2aad70f2c6debfbcb717f23b7eb55febc0bb23dcffc0f076009da10c6392", size = 157104, upload-time = "2025-08-09T07:56:13.014Z" },
    { url = "https://files.pythonhosted.org/packages/16/ab/0233c3231af734f5dfcf0844aa9582d5a1466c985bbed6cedab85af9bfe3/charset_normalizer-3.4.3-cp312-cp312-manylinux2014_x86_64.manylinux_2_17_x86_64.manylinux_2_28_x86_64.whl", hash = "sha256:1606f4a55c0fd363d754049cdf400175ee96c992b1f8018b993941f221221c5f", size = 151830, upload-time = "2025-08-09T07:56:14.428Z" },
    { url = "https://files.pythonhosted.org/packages/ae/02/e29e22b4e02839a0e4a06557b1999d0a47db3567e82989b5bb21f3fbbd9f/charset_normalizer-3.4.3-cp312-cp312-musllinux_1_2_aarch64.whl", hash = "sha256:027b776c26d38b7f15b26a5da1044f376455fb3766df8fc38563b4efbc515154", size = 148854, upload-time = "2025-08-09T07:56:16.051Z" },
    { url = "https://files.pythonhosted.org/packages/05/6b/e2539a0a4be302b481e8cafb5af8792da8093b486885a1ae4d15d452bcec/charset_normalizer-3.4.3-cp312-cp312-musllinux_1_2_ppc64le.whl", hash = "sha256:42e5088973e56e31e4fa58eb6bd709e42fc03799c11c42929592889a2e54c491", size = 160670, upload-time = "2025-08-09T07:56:17.314Z" },
    { url = "https://files.pythonhosted.org/packages/31/e7/883ee5676a2ef217a40ce0bffcc3d0dfbf9e64cbcfbdf822c52981c3304b/charset_normalizer-3.4.3-cp312-cp312-musllinux_1_2_s390x.whl", hash = "sha256:cc34f233c9e71701040d772aa7490318673aa7164a0efe3172b2981218c26d93", size = 158501, upload-time = "2025-08-09T07:56:18.641Z" },
    { url = "https://files.pythonhosted.org/packages/c1/35/6525b21aa0db614cf8b5792d232021dca3df7f90a1944db934efa5d20bb1/charset_normalizer-3.4.3-cp312-cp312-musllinux_1_2_x86_64.whl", hash = "sha256:320e8e66157cc4e247d9ddca8e21f427efc7a04bbd0ac8a9faf56583fa543f9f", size = 153173, upload-time = "2025-08-09T07:56:20.289Z" },
    { url = "https://files.pythonhosted.org/packages/50/ee/f4704bad8201de513fdc8aac1cabc87e38c5818c93857140e06e772b5892/charset_normalizer-3.4.3-cp312-cp312-win32.whl", hash = "sha256:fb6fecfd65564f208cbf0fba07f107fb661bcd1a7c389edbced3f7a493f70e37", size = 99822, upload-time = "2025-08-09T07:56:21.551Z" },
    { url = "https://files.pythonhosted.org/packages/39/f5/3b3836ca6064d0992c58c7561c6b6eee1b3892e9665d650c803bd5614522/charset_normalizer-3.4.3-cp312-cp312-win_amd64.whl", hash = "sha256:86df271bf921c2ee3818f0522e9a5b8092ca2ad8b065ece5d7d9d0e9f4849bcc", size = 107543, upload-time = "2025-08-09T07:56:23.115Z" },
    { url = "https://files.pythonhosted.org/packages/8a/1f/f041989e93b001bc4e44bb1669ccdcf54d3f00e628229a85b08d330615c5/charset_normalizer-3.4.3-py3-none-any.whl", hash = "sha256:ce571ab16d890d23b5c278547ba694193a45011ff86a9162a71307ed9f86759a", size = 53175, upload-time = "2025-08-09T07:57:26.864Z" },
]

[[package]]
name = "django"
version = "5.2.6"
source = { registry = "https://pypi.org/simple" }
dependencies = [
    { name = "asgiref" },
    { name = "sqlparse" },
    { name = "tzdata", marker = "sys_platform == 'win32'" },
]
sdist = { url = "https://files.pythonhosted.org/packages/4c/8c/2a21594337250a171d45dda926caa96309d5136becd1f48017247f9cdea0/django-5.2.6.tar.gz", hash = "sha256:da5e00372763193d73cecbf71084a3848458cecf4cee36b9a1e8d318d114a87b", size = 10858861, upload-time = "2025-09-03T13:04:03.23Z" }
wheels = [
    { url = "https://files.pythonhosted.org/packages/f5/af/6593f6d21404e842007b40fdeb81e73c20b6649b82d020bb0801b270174c/django-5.2.6-py3-none-any.whl", hash = "sha256:60549579b1174a304b77e24a93d8d9fafe6b6c03ac16311f3e25918ea5a20058", size = 8303111, upload-time = "2025-09-03T13:03:47.808Z" },
]

[[package]]
name = "django-auth-lti"
version = "2.2.0"
source = { editable = "." }
dependencies = [
    { name = "django" },
    { name = "django-braces" },
    { name = "lti" },
    { name = "oauthlib" },
    { name = "requests-oauthlib" },
]

[package.metadata]
requires-dist = [
    { name = "django", specifier = ">=4.2,<6.0" },
    { name = "django-braces", specifier = "==1.14.0" },
    { name = "lti", specifier = "==0.9.5" },
    { name = "oauthlib", specifier = "==3.1.1" },
    { name = "requests-oauthlib" },
]

[[package]]
name = "django-braces"
version = "1.14.0"
source = { registry = "https://pypi.org/simple" }
dependencies = [
    { name = "django" },
    { name = "six" },
]
sdist = { url = "https://files.pythonhosted.org/packages/e5/c3/4e3c4296ce085ad570278aa8cc4b7958553bff9ef8f1f2abb93ebd303cbe/django-braces-1.14.0.tar.gz", hash = "sha256:83705b78948de00804bfacf40c315d001bb39630f35bbdd8588211c2d5b4d43f", size = 48503, upload-time = "2019-12-30T21:21:37.303Z" }
wheels = [
    { url = "https://files.pythonhosted.org/packages/6d/ce/accaea120b323e62cb3bf8cce26892cdbfbf6b86d1b220fa2432b9b86acb/django_braces-1.14.0-py2.py3-none-any.whl", hash = "sha256:a6d9b34cf3e4949635e54884097c30410d7964fc7bec7231445ea7079b8c5722", size = 14838, upload-time = "2019-12-30T21:21:35.24Z" },
]

[[package]]
name = "idna"
version = "3.10"
source = { registry = "https://pypi.org/simple" }
sdist = { url = "https://files.pythonhosted.org/packages/f1/70/7703c29685631f5a7590aa73f1f1d3fa9a380e654b86af429e0934a32f7d/idna-3.10.tar.gz", hash = "sha256:12f65c9b470abda6dc35cf8e63cc574b1c52b11df2c86030af0ac09b01b13ea9", size = 190490, upload-time = "2024-09-15T18:07:39.745Z" }
wheels = [
    { url = "https://files.pythonhosted.org/packages/76/c6/c88e154df9c4e1a2a66ccf0005a88dfb2650c1dffb6f5ce603dfbd452ce3/idna-3.10-py3-none-any.whl", hash = "sha256:946d195a0d259cbba61165e88e65941f16e9b36ea6ddb97f00452bae8b1287d3", size = 70442, upload-time = "2024-09-15T18:07:37.964Z" },
]

[[package]]
name = "lti"
version = "0.9.5"
source = { registry = "https://pypi.org/simple" }
dependencies = [
    { name = "lxml" },
    { name = "oauthlib" },
    { name = "requests-oauthlib" },
]
sdist = { url = "https://files.pythonhosted.org/packages/6f/e4/f239f3c653d8443b1bcfb0f359d8046f17e0226001cb52ea8e8e95071b07/lti-0.9.5.tar.gz", hash = "sha256:f1ddd59d1beacf06ba67d8c96417581043398eb2283eb66141c660f6ecae1814", size = 16500, upload-time = "2020-03-04T12:49:01.702Z" }
wheels = [
    { url = "https://files.pythonhosted.org/packages/4c/fb/3545582f7e2e81134d289e51d91342e016e27a3b56f1a7ed6460e65dfb31/lti-0.9.5-py2.py3-none-any.whl", hash = "sha256:aafdfcd35e094d6606cce19c4fe7c34cf7dcc801fdfa61c5e874ef57c00160d5", size = 21035, upload-time = "2020-03-04T12:49:00.444Z" },
]

[[package]]
name = "lxml"
version = "6.0.1"
source = { registry = "https://pypi.org/simple" }
sdist = { url = "https://files.pythonhosted.org/packages/8f/bd/f9d01fd4132d81c6f43ab01983caea69ec9614b913c290a26738431a015d/lxml-6.0.1.tar.gz", hash = "sha256:2b3a882ebf27dd026df3801a87cf49ff791336e0f94b0fad195db77e01240690", size = 4070214, upload-time = "2025-08-22T10:37:53.525Z" }
wheels = [
    { url = "https://files.pythonhosted.org/packages/b0/a9/82b244c8198fcdf709532e39a1751943a36b3e800b420adc739d751e0299/lxml-6.0.1-cp312-cp312-macosx_10_13_universal2.whl", hash = "sha256:c03ac546adaabbe0b8e4a15d9ad815a281afc8d36249c246aecf1aaad7d6f200", size = 8422788, upload-time = "2025-08-22T10:32:56.612Z" },
    { url = "https://files.pythonhosted.org/packages/c9/8d/1ed2bc20281b0e7ed3e6c12b0a16e64ae2065d99be075be119ba88486e6d/lxml-6.0.1-cp312-cp312-macosx_10_13_x86_64.whl", hash = "sha256:33b862c7e3bbeb4ba2c96f3a039f925c640eeba9087a4dc7a572ec0f19d89392", size = 4593547, upload-time = "2025-08-22T10:32:59.016Z" },
    { url = "https://files.pythonhosted.org/packages/76/53/d7fd3af95b72a3493bf7fbe842a01e339d8f41567805cecfecd5c71aa5ee/lxml-6.0.1-cp312-cp312-manylinux2014_aarch64.manylinux_2_17_aarch64.whl", hash = "sha256:7a3ec1373f7d3f519de595032d4dcafae396c29407cfd5073f42d267ba32440d", size = 4948101, upload-time = "2025-08-22T10:33:00.765Z" },
    { url = "https://files.pythonhosted.org/packages/9d/51/4e57cba4d55273c400fb63aefa2f0d08d15eac021432571a7eeefee67bed/lxml-6.0.1-cp312-cp312-manylinux2014_x86_64.manylinux_2_17_x86_64.whl", hash = "sha256:03b12214fb1608f4cffa181ec3d046c72f7e77c345d06222144744c122ded870", size = 5108090, upload-time = "2025-08-22T10:33:03.108Z" },
    { url = "https://files.pythonhosted.org/packages/f6/6e/5f290bc26fcc642bc32942e903e833472271614e24d64ad28aaec09d5dae/lxml-6.0.1-cp312-cp312-manylinux_2_26_aarch64.manylinux_2_28_aarch64.whl", hash = "sha256:207ae0d5f0f03b30f95e649a6fa22aa73f5825667fee9c7ec6854d30e19f2ed8", size = 5021791, upload-time = "2025-08-22T10:33:06.972Z" },
    { url = "https://files.pythonhosted.org/packages/13/d4/2e7551a86992ece4f9a0f6eebd4fb7e312d30f1e372760e2109e721d4ce6/lxml-6.0.1-cp312-cp312-manylinux_2_26_i686.manylinux_2_28_i686.whl", hash = "sha256:32297b09ed4b17f7b3f448de87a92fb31bb8747496623483788e9f27c98c0f00", size = 5358861, upload-time = "2025-08-22T10:33:08.967Z" },
    { url = "https://files.pythonhosted.org/packages/8a/5f/cb49d727fc388bf5fd37247209bab0da11697ddc5e976ccac4826599939e/lxml-6.0.1-cp312-cp312-manylinux_2_26_ppc64le.manylinux_2_28_ppc64le.whl", hash = "sha256:7e18224ea241b657a157c85e9cac82c2b113ec90876e01e1f127312006233756", size = 5652569, upload-time = "2025-08-22T10:33:10.815Z" },
    { url = "https://files.pythonhosted.org/packages/ca/b8/66c1ef8c87ad0f958b0a23998851e610607c74849e75e83955d5641272e6/lxml-6.0.1-cp312-cp312-manylinux_2_26_x86_64.manylinux_2_28_x86_64.whl", hash = "sha256:a07a994d3c46cd4020c1ea566345cf6815af205b1e948213a4f0f1d392182072", size = 5252262, upload-time = "2025-08-22T10:33:12.673Z" },
    { url = "https://files.pythonhosted.org/packages/1a/ef/131d3d6b9590e64fdbb932fbc576b81fcc686289da19c7cb796257310e82/lxml-6.0.1-cp312-cp312-manylinux_2_31_armv7l.whl", hash = "sha256:2287fadaa12418a813b05095485c286c47ea58155930cfbd98c590d25770e225", size = 4710309, upload-time = "2025-08-22T10:33:14.952Z" },
    { url = "https://files.pythonhosted.org/packages/bc/3f/07f48ae422dce44902309aa7ed386c35310929dc592439c403ec16ef9137/lxml-6.0.1-cp312-cp312-manylinux_2_38_riscv64.manylinux_2_39_riscv64.whl", hash = "sha256:b4e597efca032ed99f418bd21314745522ab9fa95af33370dcee5533f7f70136", size = 5265786, upload-time = "2025-08-22T10:33:16.721Z" },
    { url = "https://files.pythonhosted.org/packages/11/c7/125315d7b14ab20d9155e8316f7d287a4956098f787c22d47560b74886c4/lxml-6.0.1-cp312-cp312-musllinux_1_2_aarch64.whl", hash = "sha256:9696d491f156226decdd95d9651c6786d43701e49f32bf23715c975539aa2b3b", size = 5062272, upload-time = "2025-08-22T10:33:18.478Z" },
    { url = "https://files.pythonhosted.org/packages/8b/c3/51143c3a5fc5168a7c3ee626418468ff20d30f5a59597e7b156c1e61fba8/lxml-6.0.1-cp312-cp312-musllinux_1_2_armv7l.whl", hash = "sha256:e4e3cd3585f3c6f87cdea44cda68e692cc42a012f0131d25957ba4ce755241a7", size = 4786955, upload-time = "2025-08-22T10:33:20.34Z" },
    { url = "https://files.pythonhosted.org/packages/11/86/73102370a420ec4529647b31c4a8ce8c740c77af3a5fae7a7643212d6f6e/lxml-6.0.1-cp312-cp312-musllinux_1_2_ppc64le.whl", hash = "sha256:45cbc92f9d22c28cd3b97f8d07fcefa42e569fbd587dfdac76852b16a4924277", size = 5673557, upload-time = "2025-08-22T10:33:22.282Z" },
    { url = "https://files.pythonhosted.org/packages/d7/2d/aad90afaec51029aef26ef773b8fd74a9e8706e5e2f46a57acd11a421c02/lxml-6.0.1-cp312-cp312-musllinux_1_2_riscv64.whl", hash = "sha256:f8c9bcfd2e12299a442fba94459adf0b0d001dbc68f1594439bfa10ad1ecb74b", size = 5254211, upload-time = "2025-08-22T10:33:24.15Z" },
    { url = "https://files.pythonhosted.org/packages/63/01/c9e42c8c2d8b41f4bdefa42ab05448852e439045f112903dd901b8fbea4d/lxml-6.0.1-cp312-cp312-musllinux_1_2_x86_64.whl", hash = "sha256:1e9dc2b9f1586e7cd77753eae81f8d76220eed9b768f337dc83a3f675f2f0cf9", size = 5275817, upload-time = "2025-08-22T10:33:26.007Z" },
    { url = "https://files.pythonhosted.org/packages/bc/1f/962ea2696759abe331c3b0e838bb17e92224f39c638c2068bf0d8345e913/lxml-6.0.1-cp312-cp312-win32.whl", hash = "sha256:987ad5c3941c64031f59c226167f55a04d1272e76b241bfafc968bdb778e07fb", size = 3610889, upload-time = "2025-08-22T10:33:28.169Z" },
    { url = "https://files.pythonhosted.org/packages/41/e2/22c86a990b51b44442b75c43ecb2f77b8daba8c4ba63696921966eac7022/lxml-6.0.1-cp312-cp312-win_amd64.whl", hash = "sha256:abb05a45394fd76bf4a60c1b7bec0e6d4e8dfc569fc0e0b1f634cd983a006ddc", size = 4010925, upload-time = "2025-08-22T10:33:29.874Z" },
    { url = "https://files.pythonhosted.org/packages/b2/21/dc0c73325e5eb94ef9c9d60dbb5dcdcb2e7114901ea9509735614a74e75a/lxml-6.0.1-cp312-cp312-win_arm64.whl", hash = "sha256:c4be29bce35020d8579d60aa0a4e95effd66fcfce31c46ffddf7e5422f73a299", size = 3671922, upload-time = "2025-08-22T10:33:31.535Z" },
]

[[package]]
name = "oauthlib"
version = "3.1.1"
source = { registry = "https://pypi.org/simple" }
sdist = { url = "https://files.pythonhosted.org/packages/9e/84/001a3f8d9680f3b26d5e7711e13d5ff92e4b511766a72ac6b4a4e5f06796/oauthlib-3.1.1.tar.gz", hash = "sha256:8f0215fcc533dd8dd1bee6f4c412d4f0cd7297307d43ac61666389e3bc3198a3", size = 161395, upload-time = "2021-06-01T12:53:14.691Z" }
wheels = [
    { url = "https://files.pythonhosted.org/packages/e8/5d/9dd1c29e5a786525f6342f6c1d812ed2e37edc653ad297048c1668988053/oauthlib-3.1.1-py2.py3-none-any.whl", hash = "sha256:42bf6354c2ed8c6acb54d971fce6f88193d97297e18602a3a886603f9d7730cc", size = 146153, upload-time = "2021-06-01T12:53:12.966Z" },
]

[[package]]
name = "requests"
version = "2.32.5"
source = { registry = "https://pypi.org/simple" }
dependencies = [
    { name = "certifi" },
    { name = "charset-normalizer" },
    { name = "idna" },
    { name = "urllib3" },
]
sdist = { url = "https://files.pythonhosted.org/packages/c9/74/b3ff8e6c8446842c3f5c837e9c3dfcfe2018ea6ecef224c710c85ef728f4/requests-2.32.5.tar.gz", hash = "sha256:dbba0bac56e100853db0ea71b82b4dfd5fe2bf6d3754a8893c3af500cec7d7cf", size = 134517, upload-time = "2025-08-18T20:46:02.573Z" }
wheels = [
    { url = "https://files.pythonhosted.org/packages/1e/db/4254e3eabe8020b458f1a747140d32277ec7a271daf1d235b70dc0b4e6e3/requests-2.32.5-py3-none-any.whl", hash = "sha256:2462f94637a34fd532264295e186976db0f5d453d1cdd31473c85a6a161affb6", size = 64738, upload-time = "2025-08-18T20:46:00.542Z" },
]

[[package]]
name = "requests-oauthlib"
version = "2.0.0"
source = { registry = "https://pypi.org/simple" }
dependencies = [
    { name = "oauthlib" },
    { name = "requests" },
]
sdist = { url = "https://files.pythonhosted.org/packages/42/f2/05f29bc3913aea15eb670be136045bf5c5bbf4b99ecb839da9b422bb2c85/requests-oauthlib-2.0.0.tar.gz", hash = "sha256:b3dffaebd884d8cd778494369603a9e7b58d29111bf6b41bdc2dcd87203af4e9", size = 55650, upload-time = "2024-03-22T20:32:29.939Z" }
wheels = [
    { url = "https://files.pythonhosted.org/packages/3b/5d/63d4ae3b9daea098d5d6f5da83984853c1bbacd5dc826764b249fe119d24/requests_oauthlib-2.0.0-py2.py3-none-any.whl", hash = "sha256:7dd8a5c40426b779b0868c404bdef9768deccf22749cde15852df527e6269b36", size = 24179, upload-time = "2024-03-22T20:32:28.055Z" },
]

[[package]]
name = "six"
version = "1.17.0"
source = { registry = "https://pypi.org/simple" }
sdist = { url = "https://files.pythonhosted.org/packages/94/e7/b2c673351809dca68a0e064b6af791aa332cf192da575fd474ed7d6f16a2/six-1.17.0.tar.gz", hash = "sha256:ff70335d468e7eb6ec65b95b99d3a2836546063f63acc5171de367e834932a81", size = 34031, upload-time = "2024-12-04T17:35:28.174Z" }
wheels = [
    { url = "https://files.pythonhosted.org/packages/b7/ce/149a00dd41f10bc29e5921b496af8b574d8413afcd5e30dfa0ed46c2cc5e/six-1.17.0-py2.py3-none-any.whl", hash = "sha256:4721f391ed90541fddacab5acf947aa0d3dc7d27b2e1e8eda2be8970586c3274", size = 11050, upload-time = "2024-12-04T17:35:26.475Z" },
]

[[package]]
name = "sqlparse"
version = "0.5.3"
source = { registry = "https://pypi.org/simple" }
sdist = { url = "https://files.pythonhosted.org/packages/e5/40/edede8dd6977b0d3da179a342c198ed100dd2aba4be081861ee5911e4da4/sqlparse-0.5.3.tar.gz", hash = "sha256:09f67787f56a0b16ecdbde1bfc7f5d9c3371ca683cfeaa8e6ff60b4807ec9272", size = 84999, upload-time = "2024-12-10T12:05:30.728Z" }
wheels = [
    { url = "https://files.pythonhosted.org/packages/a9/5c/bfd6bd0bf979426d405cc6e71eceb8701b148b16c21d2dc3c261efc61c7b/sqlparse-0.5.3-py3-none-any.whl", hash = "sha256:cf2196ed3418f3ba5de6af7e82c694a9fbdbfecccdfc72e281548517081f16ca", size = 44415, upload-time = "2024-12-10T12:05:27.824Z" },
]

[[package]]
name = "tzdata"
version = "2025.2"
source = { registry = "https://pypi.org/simple" }
sdist = { url = "https://files.pythonhosted.org/packages/95/32/1a225d6164441be760d75c2c42e2780dc0873fe382da3e98a2e1e48361e5/tzdata-2025.2.tar.gz", hash = "sha256:b60a638fcc0daffadf82fe0f57e53d06bdec2f36c4df66280ae79bce6bd6f2b9", size = 196380, upload-time = "2025-03-23T13:54:43.652Z" }
wheels = [
    { url = "https://files.pythonhosted.org/packages/5c/23/c7abc0ca0a1526a0774eca151daeb8de62ec457e77262b66b359c3c7679e/tzdata-2025.2-py2.py3-none-any.whl", hash = "sha256:1a403fada01ff9221ca8044d701868fa132215d84beb92242d9acd2147f667a8", size = 347839, upload-time = "2025-03-23T13:54:41.845Z" },
]

[[package]]
name = "urllib3"
version = "2.5.0"
source = { registry = "https://pypi.org/simple" }
sdist = { url = "https://files.pythonhosted.org/packages/15/22/9ee70a2574a4f4599c47dd506532914ce044817c7752a79b6a51286319bc/urllib3-2.5.0.tar.gz", hash = "sha256:3fc47733c7e419d4bc3f6b3dc2b4f890bb743906a30d56ba4a5bfa4bbff92760", size = 393185, upload-time = "2025-06-18T14:07:41.644Z" }
wheels = [
    { url = "https://files.pythonhosted.org/packages/a7/c2/fe1e52489ae3122415c51f387e221dd0773709bad6c6cdaa599e8a2c5185/urllib3-2.5.0-py3-none-any.whl", hash = "sha256:e6b01673c0fa6a13e374b50871808eb3bf7046c4b125b216f6bf1cc604cff0dc", size = 129795, upload-time = "2025-06-18T14:07:40.39Z" },
]
